// !$*UTF8*$!
{
	archiveVersion = 1;
	classes = {
	};
	objectVersion = 46;
	objects = {

/* Begin PBXBuildFile section */
		231704D01D7FA6B5005BEF99 /* BasicRegisterViewController.swift in Sources */ = {isa = PBXBuildFile; fileRef = 231704CF1D7FA6B5005BEF99 /* BasicRegisterViewController.swift */; };
		231704D21D7FAB14005BEF99 /* Dummy_profile.jpg in Resources */ = {isa = PBXBuildFile; fileRef = 231704D11D7FAB14005BEF99 /* Dummy_profile.jpg */; };
		231704D41D7FB0D7005BEF99 /* GuardLoginViewController.swift in Sources */ = {isa = PBXBuildFile; fileRef = 231704D31D7FB0D7005BEF99 /* GuardLoginViewController.swift */; };
		23DDEB641D7FA2220045A2AA /* AppDelegate.swift in Sources */ = {isa = PBXBuildFile; fileRef = 23DDEB631D7FA2220045A2AA /* AppDelegate.swift */; };
		23DDEB661D7FA2220045A2AA /* BasicLoginViewController.swift in Sources */ = {isa = PBXBuildFile; fileRef = 23DDEB651D7FA2220045A2AA /* BasicLoginViewController.swift */; };
		23DDEB691D7FA2220045A2AA /* Main.storyboard in Resources */ = {isa = PBXBuildFile; fileRef = 23DDEB671D7FA2220045A2AA /* Main.storyboard */; };
		23DDEB6B1D7FA2220045A2AA /* Assets.xcassets in Resources */ = {isa = PBXBuildFile; fileRef = 23DDEB6A1D7FA2220045A2AA /* Assets.xcassets */; };
		23DDEB6E1D7FA2220045A2AA /* LaunchScreen.storyboard in Resources */ = {isa = PBXBuildFile; fileRef = 23DDEB6C1D7FA2220045A2AA /* LaunchScreen.storyboard */; };
		7F04B7131D89F234002581CC /* MenuViewController.swift in Sources */ = {isa = PBXBuildFile; fileRef = 7F04B7121D89F234002581CC /* MenuViewController.swift */; };
		7F04B7151D89F5DE002581CC /* ProfileImage 2.jpg in Resources */ = {isa = PBXBuildFile; fileRef = 7F04B7141D89F5DE002581CC /* ProfileImage 2.jpg */; };
		AC6347721D80B4860080B62A /* InfoViewController.swift in Sources */ = {isa = PBXBuildFile; fileRef = AC6347711D80B4860080B62A /* InfoViewController.swift */; };
		AC6347781D80C1A50080B62A /* SPE.gif in Resources */ = {isa = PBXBuildFile; fileRef = AC6347771D80C1A50080B62A /* SPE.gif */; };
		AC63477A1D80C1AA0080B62A /* TKE.gif in Resources */ = {isa = PBXBuildFile; fileRef = AC6347791D80C1AA0080B62A /* TKE.gif */; };
		AC63477C1D80C1AF0080B62A /* PDT.gif in Resources */ = {isa = PBXBuildFile; fileRef = AC63477B1D80C1AF0080B62A /* PDT.gif */; };
		AC63477E1D80C1B40080B62A /* PSK.png in Resources */ = {isa = PBXBuildFile; fileRef = AC63477D1D80C1B40080B62A /* PSK.png */; };
		AC6347801D80C2B20080B62A /* PSK1.png in Resources */ = {isa = PBXBuildFile; fileRef = AC63477F1D80C2B20080B62A /* PSK1.png */; };
		AC6347BE1D80C8A60080B62A /* FraternityTableViewController.swift in Sources */ = {isa = PBXBuildFile; fileRef = AC6347BD1D80C8A60080B62A /* FraternityTableViewController.swift */; };
		ACFFE5E71D89EE8C005EFB35 /* Menu Filled-50.png in Resources */ = {isa = PBXBuildFile; fileRef = ACFFE5E61D89EE8C005EFB35 /* Menu Filled-50.png */; };
		ACFFE5EA1D89EF24005EFB35 /* SWRevealViewController.m in Sources */ = {isa = PBXBuildFile; fileRef = ACFFE5E91D89EF24005EFB35 /* SWRevealViewController.m */; };
		AF13E90B1D94BDA400D4A757 /* SituationTableViewController.swift in Sources */ = {isa = PBXBuildFile; fileRef = AF13E90A1D94BDA400D4A757 /* SituationTableViewController.swift */; };
		AF13E90D1D94C14000D4A757 /* IncidentLocationTableViewController.swift in Sources */ = {isa = PBXBuildFile; fileRef = AF13E90C1D94C14000D4A757 /* IncidentLocationTableViewController.swift */; };
		AF13E9131D94C75100D4A757 /* DC.png in Resources */ = {isa = PBXBuildFile; fileRef = AF13E9121D94C75100D4A757 /* DC.png */; };
		AF13E9151D94C75700D4A757 /* AKL.png in Resources */ = {isa = PBXBuildFile; fileRef = AF13E9141D94C75700D4A757 /* AKL.png */; };
/* End PBXBuildFile section */

/* Begin PBXFileReference section */
		231704CF1D7FA6B5005BEF99 /* BasicRegisterViewController.swift */ = {isa = PBXFileReference; fileEncoding = 4; lastKnownFileType = sourcecode.swift; path = BasicRegisterViewController.swift; sourceTree = "<group>"; };
		231704D11D7FAB14005BEF99 /* Dummy_profile.jpg */ = {isa = PBXFileReference; lastKnownFileType = image.jpeg; path = Dummy_profile.jpg; sourceTree = "<group>"; };
		231704D31D7FB0D7005BEF99 /* GuardLoginViewController.swift */ = {isa = PBXFileReference; fileEncoding = 4; lastKnownFileType = sourcecode.swift; path = GuardLoginViewController.swift; sourceTree = "<group>"; };
		23DDEB601D7FA2220045A2AA /* Partyguard_iOS.app */ = {isa = PBXFileReference; explicitFileType = wrapper.application; includeInIndex = 0; path = Partyguard_iOS.app; sourceTree = BUILT_PRODUCTS_DIR; };
		23DDEB631D7FA2220045A2AA /* AppDelegate.swift */ = {isa = PBXFileReference; lastKnownFileType = sourcecode.swift; path = AppDelegate.swift; sourceTree = "<group>"; };
		23DDEB651D7FA2220045A2AA /* BasicLoginViewController.swift */ = {isa = PBXFileReference; lastKnownFileType = sourcecode.swift; path = BasicLoginViewController.swift; sourceTree = "<group>"; };
		23DDEB681D7FA2220045A2AA /* Base */ = {isa = PBXFileReference; lastKnownFileType = file.storyboard; name = Base; path = Base.lproj/Main.storyboard; sourceTree = "<group>"; };
		23DDEB6A1D7FA2220045A2AA /* Assets.xcassets */ = {isa = PBXFileReference; lastKnownFileType = folder.assetcatalog; path = Assets.xcassets; sourceTree = "<group>"; };
		23DDEB6D1D7FA2220045A2AA /* Base */ = {isa = PBXFileReference; lastKnownFileType = file.storyboard; name = Base; path = Base.lproj/LaunchScreen.storyboard; sourceTree = "<group>"; };
		23DDEB6F1D7FA2220045A2AA /* Info.plist */ = {isa = PBXFileReference; lastKnownFileType = text.plist.xml; path = Info.plist; sourceTree = "<group>"; };
		7F04B7121D89F234002581CC /* MenuViewController.swift */ = {isa = PBXFileReference; fileEncoding = 4; lastKnownFileType = sourcecode.swift; path = MenuViewController.swift; sourceTree = "<group>"; };
		7F04B7141D89F5DE002581CC /* ProfileImage 2.jpg */ = {isa = PBXFileReference; lastKnownFileType = image.jpeg; path = "ProfileImage 2.jpg"; sourceTree = "<group>"; };
		AC6347711D80B4860080B62A /* InfoViewController.swift */ = {isa = PBXFileReference; fileEncoding = 4; lastKnownFileType = sourcecode.swift; name = InfoViewController.swift; path = ../InfoViewController.swift; sourceTree = "<group>"; };
		AC6347771D80C1A50080B62A /* SPE.gif */ = {isa = PBXFileReference; lastKnownFileType = image.gif; path = SPE.gif; sourceTree = "<group>"; };
		AC6347791D80C1AA0080B62A /* TKE.gif */ = {isa = PBXFileReference; lastKnownFileType = image.gif; path = TKE.gif; sourceTree = "<group>"; };
		AC63477B1D80C1AF0080B62A /* PDT.gif */ = {isa = PBXFileReference; lastKnownFileType = image.gif; path = PDT.gif; sourceTree = "<group>"; };
		AC63477D1D80C1B40080B62A /* PSK.png */ = {isa = PBXFileReference; lastKnownFileType = image.png; path = PSK.png; sourceTree = "<group>"; };
		AC63477F1D80C2B20080B62A /* PSK1.png */ = {isa = PBXFileReference; lastKnownFileType = image.png; path = PSK1.png; sourceTree = "<group>"; };
		AC6347BD1D80C8A60080B62A /* FraternityTableViewController.swift */ = {isa = PBXFileReference; fileEncoding = 4; lastKnownFileType = sourcecode.swift; path = FraternityTableViewController.swift; sourceTree = "<group>"; };
		ACFFE5E61D89EE8C005EFB35 /* Menu Filled-50.png */ = {isa = PBXFileReference; lastKnownFileType = image.png; path = "Menu Filled-50.png"; sourceTree = "<group>"; };
		ACFFE5E81D89EF1A005EFB35 /* SWRevealViewController.h */ = {isa = PBXFileReference; lastKnownFileType = sourcecode.c.h; path = SWRevealViewController.h; sourceTree = "<group>"; };
		ACFFE5E91D89EF24005EFB35 /* SWRevealViewController.m */ = {isa = PBXFileReference; fileEncoding = 4; lastKnownFileType = sourcecode.c.objc; path = SWRevealViewController.m; sourceTree = "<group>"; };
		AF13E90A1D94BDA400D4A757 /* SituationTableViewController.swift */ = {isa = PBXFileReference; fileEncoding = 4; lastKnownFileType = sourcecode.swift; path = SituationTableViewController.swift; sourceTree = "<group>"; };
		AF13E90C1D94C14000D4A757 /* IncidentLocationTableViewController.swift */ = {isa = PBXFileReference; fileEncoding = 4; lastKnownFileType = sourcecode.swift; path = IncidentLocationTableViewController.swift; sourceTree = "<group>"; };
		AF13E9121D94C75100D4A757 /* DC.png */ = {isa = PBXFileReference; lastKnownFileType = image.png; path = DC.png; sourceTree = "<group>"; };
		AF13E9141D94C75700D4A757 /* AKL.png */ = {isa = PBXFileReference; lastKnownFileType = image.png; path = AKL.png; sourceTree = "<group>"; };
		AF2A97B61D88A7B100C0D52E /* Partyguard_iOS-Bridging-Header.h */ = {isa = PBXFileReference; lastKnownFileType = sourcecode.c.h; path = "Partyguard_iOS-Bridging-Header.h"; sourceTree = "<group>"; };
/* End PBXFileReference section */

/* Begin PBXFrameworksBuildPhase section */
		23DDEB5D1D7FA2220045A2AA /* Frameworks */ = {
			isa = PBXFrameworksBuildPhase;
			buildActionMask = 2147483647;
			files = (
			);
			runOnlyForDeploymentPostprocessing = 0;
		};
/* End PBXFrameworksBuildPhase section */

/* Begin PBXGroup section */
		23DDEB571D7FA2220045A2AA = {
			isa = PBXGroup;
			children = (
				23DDEB621D7FA2220045A2AA /* Partyguard_iOS */,
				23DDEB611D7FA2220045A2AA /* Products */,
			);
			sourceTree = "<group>";
		};
		23DDEB611D7FA2220045A2AA /* Products */ = {
			isa = PBXGroup;
			children = (
				23DDEB601D7FA2220045A2AA /* Partyguard_iOS.app */,
			);
			name = Products;
			sourceTree = "<group>";
		};
		23DDEB621D7FA2220045A2AA /* Partyguard_iOS */ = {
			isa = PBXGroup;
			children = (
				AF2A97B51D88A76100C0D52E /* SWRevealViewController */,
				23DDEB631D7FA2220045A2AA /* AppDelegate.swift */,
				23DDEB651D7FA2220045A2AA /* BasicLoginViewController.swift */,
				23DDEB671D7FA2220045A2AA /* Main.storyboard */,
				AF13E90C1D94C14000D4A757 /* IncidentLocationTableViewController.swift */,
				AF13E90A1D94BDA400D4A757 /* SituationTableViewController.swift */,
				AC6347BD1D80C8A60080B62A /* FraternityTableViewController.swift */,
				AC6347711D80B4860080B62A /* InfoViewController.swift */,
				231704D31D7FB0D7005BEF99 /* GuardLoginViewController.swift */,
				231704CF1D7FA6B5005BEF99 /* BasicRegisterViewController.swift */,
				7F04B7121D89F234002581CC /* MenuViewController.swift */,
				7F04B7141D89F5DE002581CC /* ProfileImage 2.jpg */,
				23DDEB6A1D7FA2220045A2AA /* Assets.xcassets */,
				ACFFE5E61D89EE8C005EFB35 /* Menu Filled-50.png */,
				AC6347771D80C1A50080B62A /* SPE.gif */,
				AC6347791D80C1AA0080B62A /* TKE.gif */,
				AF13E9141D94C75700D4A757 /* AKL.png */,
				AF13E9121D94C75100D4A757 /* DC.png */,
				AC63477B1D80C1AF0080B62A /* PDT.gif */,
				AC63477D1D80C1B40080B62A /* PSK.png */,
				AC63477F1D80C2B20080B62A /* PSK1.png */,
				231704D11D7FAB14005BEF99 /* Dummy_profile.jpg */,
				23DDEB6C1D7FA2220045A2AA /* LaunchScreen.storyboard */,
				23DDEB6F1D7FA2220045A2AA /* Info.plist */,
			);
			path = Partyguard_iOS;
			sourceTree = "<group>";
		};
		AF2A97B51D88A76100C0D52E /* SWRevealViewController */ = {
			isa = PBXGroup;
			children = (
				AF2A97B61D88A7B100C0D52E /* Partyguard_iOS-Bridging-Header.h */,
				ACFFE5E81D89EF1A005EFB35 /* SWRevealViewController.h */,
				ACFFE5E91D89EF24005EFB35 /* SWRevealViewController.m */,
			);
			name = SWRevealViewController;
			sourceTree = "<group>";
		};
/* End PBXGroup section */

/* Begin PBXNativeTarget section */
		23DDEB5F1D7FA2220045A2AA /* Partyguard_iOS */ = {
			isa = PBXNativeTarget;
			buildConfigurationList = 23DDEB721D7FA2220045A2AA /* Build configuration list for PBXNativeTarget "Partyguard_iOS" */;
			buildPhases = (
				23DDEB5C1D7FA2220045A2AA /* Sources */,
				23DDEB5D1D7FA2220045A2AA /* Frameworks */,
				23DDEB5E1D7FA2220045A2AA /* Resources */,
			);
			buildRules = (
			);
			dependencies = (
			);
			name = Partyguard_iOS;
			productName = Partyguard_iOS;
			productReference = 23DDEB601D7FA2220045A2AA /* Partyguard_iOS.app */;
			productType = "com.apple.product-type.application";
		};
/* End PBXNativeTarget section */

/* Begin PBXProject section */
		23DDEB581D7FA2220045A2AA /* Project object */ = {
			isa = PBXProject;
			attributes = {
				LastSwiftUpdateCheck = 0730;
				LastUpgradeCheck = 0730;
				ORGANIZATIONNAME = BashGuardians;
				TargetAttributes = {
					23DDEB5F1D7FA2220045A2AA = {
						CreatedOnToolsVersion = 7.3.1;
					};
				};
			};
			buildConfigurationList = 23DDEB5B1D7FA2220045A2AA /* Build configuration list for PBXProject "Partyguard_iOS" */;
			compatibilityVersion = "Xcode 3.2";
			developmentRegion = English;
			hasScannedForEncodings = 0;
			knownRegions = (
				en,
				Base,
			);
			mainGroup = 23DDEB571D7FA2220045A2AA;
			productRefGroup = 23DDEB611D7FA2220045A2AA /* Products */;
			projectDirPath = "";
			projectRoot = "";
			targets = (
				23DDEB5F1D7FA2220045A2AA /* Partyguard_iOS */,
			);
		};
/* End PBXProject section */

/* Begin PBXResourcesBuildPhase section */
		23DDEB5E1D7FA2220045A2AA /* Resources */ = {
			isa = PBXResourcesBuildPhase;
			buildActionMask = 2147483647;
			files = (
				AC6347801D80C2B20080B62A /* PSK1.png in Resources */,
				AC63477E1D80C1B40080B62A /* PSK.png in Resources */,
				231704D21D7FAB14005BEF99 /* Dummy_profile.jpg in Resources */,
				23DDEB6E1D7FA2220045A2AA /* LaunchScreen.storyboard in Resources */,
				AC63477C1D80C1AF0080B62A /* PDT.gif in Resources */,
				7F04B7151D89F5DE002581CC /* ProfileImage 2.jpg in Resources */,
				AC6347781D80C1A50080B62A /* SPE.gif in Resources */,
				AC63477A1D80C1AA0080B62A /* TKE.gif in Resources */,
				AF13E9151D94C75700D4A757 /* AKL.png in Resources */,
				AF13E9131D94C75100D4A757 /* DC.png in Resources */,
				23DDEB6B1D7FA2220045A2AA /* Assets.xcassets in Resources */,
				ACFFE5E71D89EE8C005EFB35 /* Menu Filled-50.png in Resources */,
				23DDEB691D7FA2220045A2AA /* Main.storyboard in Resources */,
			);
			runOnlyForDeploymentPostprocessing = 0;
		};
/* End PBXResourcesBuildPhase section */

/* Begin PBXSourcesBuildPhase section */
		23DDEB5C1D7FA2220045A2AA /* Sources */ = {
			isa = PBXSourcesBuildPhase;
			buildActionMask = 2147483647;
			files = (
				ACFFE5EA1D89EF24005EFB35 /* SWRevealViewController.m in Sources */,
				231704D41D7FB0D7005BEF99 /* GuardLoginViewController.swift in Sources */,
				23DDEB661D7FA2220045A2AA /* BasicLoginViewController.swift in Sources */,
				23DDEB641D7FA2220045A2AA /* AppDelegate.swift in Sources */,
				AF13E90D1D94C14000D4A757 /* IncidentLocationTableViewController.swift in Sources */,
				231704D01D7FA6B5005BEF99 /* BasicRegisterViewController.swift in Sources */,
				AC6347BE1D80C8A60080B62A /* FraternityTableViewController.swift in Sources */,
				AF13E90B1D94BDA400D4A757 /* SituationTableViewController.swift in Sources */,
				AC6347721D80B4860080B62A /* InfoViewController.swift in Sources */,
				7F04B7131D89F234002581CC /* MenuViewController.swift in Sources */,
			);
			runOnlyForDeploymentPostprocessing = 0;
		};
/* End PBXSourcesBuildPhase section */

/* Begin PBXVariantGroup section */
		23DDEB671D7FA2220045A2AA /* Main.storyboard */ = {
			isa = PBXVariantGroup;
			children = (
				23DDEB681D7FA2220045A2AA /* Base */,
			);
			name = Main.storyboard;
			sourceTree = "<group>";
		};
		23DDEB6C1D7FA2220045A2AA /* LaunchScreen.storyboard */ = {
			isa = PBXVariantGroup;
			children = (
				23DDEB6D1D7FA2220045A2AA /* Base */,
			);
			name = LaunchScreen.storyboard;
			sourceTree = "<group>";
		};
/* End PBXVariantGroup section */

/* Begin XCBuildConfiguration section */
		23DDEB701D7FA2220045A2AA /* Debug */ = {
			isa = XCBuildConfiguration;
			buildSettings = {
				ALWAYS_SEARCH_USER_PATHS = NO;
				CLANG_ANALYZER_NONNULL = YES;
				CLANG_CXX_LANGUAGE_STANDARD = "gnu++0x";
				CLANG_CXX_LIBRARY = "libc++";
				CLANG_ENABLE_MODULES = YES;
				CLANG_ENABLE_OBJC_ARC = YES;
				CLANG_WARN_BOOL_CONVERSION = YES;
				CLANG_WARN_CONSTANT_CONVERSION = YES;
				CLANG_WARN_DIRECT_OBJC_ISA_USAGE = YES_ERROR;
				CLANG_WARN_EMPTY_BODY = YES;
				CLANG_WARN_ENUM_CONVERSION = YES;
				CLANG_WARN_INT_CONVERSION = YES;
				CLANG_WARN_OBJC_ROOT_CLASS = YES_ERROR;
				CLANG_WARN_UNREACHABLE_CODE = YES;
				CLANG_WARN__DUPLICATE_METHOD_MATCH = YES;
				"CODE_SIGN_IDENTITY[sdk=iphoneos*]" = "iPhone Developer";
				COPY_PHASE_STRIP = NO;
				DEBUG_INFORMATION_FORMAT = dwarf;
				ENABLE_STRICT_OBJC_MSGSEND = YES;
				ENABLE_TESTABILITY = YES;
				GCC_C_LANGUAGE_STANDARD = gnu99;
				GCC_DYNAMIC_NO_PIC = NO;
				GCC_NO_COMMON_BLOCKS = YES;
				GCC_OPTIMIZATION_LEVEL = 0;
				GCC_PREPROCESSOR_DEFINITIONS = (
					"DEBUG=1",
					"$(inherited)",
				);
				GCC_WARN_64_TO_32_BIT_CONVERSION = YES;
				GCC_WARN_ABOUT_RETURN_TYPE = YES_ERROR;
				GCC_WARN_UNDECLARED_SELECTOR = YES;
				GCC_WARN_UNINITIALIZED_AUTOS = YES_AGGRESSIVE;
				GCC_WARN_UNUSED_FUNCTION = YES;
				GCC_WARN_UNUSED_VARIABLE = YES;
				IPHONEOS_DEPLOYMENT_TARGET = 9.3;
				MTL_ENABLE_DEBUG_INFO = YES;
				ONLY_ACTIVE_ARCH = YES;
				SDKROOT = iphoneos;
				SWIFT_OPTIMIZATION_LEVEL = "-Onone";
			};
			name = Debug;
		};
		23DDEB711D7FA2220045A2AA /* Release */ = {
			isa = XCBuildConfiguration;
			buildSettings = {
				ALWAYS_SEARCH_USER_PATHS = NO;
				CLANG_ANALYZER_NONNULL = YES;
				CLANG_CXX_LANGUAGE_STANDARD = "gnu++0x";
				CLANG_CXX_LIBRARY = "libc++";
				CLANG_ENABLE_MODULES = YES;
				CLANG_ENABLE_OBJC_ARC = YES;
				CLANG_WARN_BOOL_CONVERSION = YES;
				CLANG_WARN_CONSTANT_CONVERSION = YES;
				CLANG_WARN_DIRECT_OBJC_ISA_USAGE = YES_ERROR;
				CLANG_WARN_EMPTY_BODY = YES;
				CLANG_WARN_ENUM_CONVERSION = YES;
				CLANG_WARN_INT_CONVERSION = YES;
				CLANG_WARN_OBJC_ROOT_CLASS = YES_ERROR;
				CLANG_WARN_UNREACHABLE_CODE = YES;
				CLANG_WARN__DUPLICATE_METHOD_MATCH = YES;
				"CODE_SIGN_IDENTITY[sdk=iphoneos*]" = "iPhone Developer";
				COPY_PHASE_STRIP = NO;
				DEBUG_INFORMATION_FORMAT = "dwarf-with-dsym";
				ENABLE_NS_ASSERTIONS = NO;
				ENABLE_STRICT_OBJC_MSGSEND = YES;
				GCC_C_LANGUAGE_STANDARD = gnu99;
				GCC_NO_COMMON_BLOCKS = YES;
				GCC_WARN_64_TO_32_BIT_CONVERSION = YES;
				GCC_WARN_ABOUT_RETURN_TYPE = YES_ERROR;
				GCC_WARN_UNDECLARED_SELECTOR = YES;
				GCC_WARN_UNINITIALIZED_AUTOS = YES_AGGRESSIVE;
				GCC_WARN_UNUSED_FUNCTION = YES;
				GCC_WARN_UNUSED_VARIABLE = YES;
				IPHONEOS_DEPLOYMENT_TARGET = 9.3;
				MTL_ENABLE_DEBUG_INFO = NO;
				SDKROOT = iphoneos;
				VALIDATE_PRODUCT = YES;
			};
			name = Release;
		};
		23DDEB731D7FA2220045A2AA /* Debug */ = {
			isa = XCBuildConfiguration;
			buildSettings = {
				ASSETCATALOG_COMPILER_APPICON_NAME = AppIcon;
				CLANG_ENABLE_MODULES = YES;
				INFOPLIST_FILE = Partyguard_iOS/Info.plist;
				LD_RUNPATH_SEARCH_PATHS = "$(inherited) @executable_path/Frameworks";
				PRODUCT_BUNDLE_IDENTIFIER = "bashguardians.Partyguard-iOS";
				PRODUCT_NAME = "$(TARGET_NAME)";
				SWIFT_OBJC_BRIDGING_HEADER = "Partyguard_iOS/Partyguard_iOS-Bridging-Header.h";
				SWIFT_OPTIMIZATION_LEVEL = "-Onone";
			};
			name = Debug;
		};
		23DDEB741D7FA2220045A2AA /* Release */ = {
			isa = XCBuildConfiguration;
			buildSettings = {
				ASSETCATALOG_COMPILER_APPICON_NAME = AppIcon;
				CLANG_ENABLE_MODULES = YES;
				INFOPLIST_FILE = Partyguard_iOS/Info.plist;
				LD_RUNPATH_SEARCH_PATHS = "$(inherited) @executable_path/Frameworks";
				PRODUCT_BUNDLE_IDENTIFIER = "bashguardians.Partyguard-iOS";
				PRODUCT_NAME = "$(TARGET_NAME)";
				SWIFT_OBJC_BRIDGING_HEADER = "Partyguard_iOS/Partyguard_iOS-Bridging-Header.h";
			};
			name = Release;
		};
/* End XCBuildConfiguration section */

/* Begin XCConfigurationList section */
		23DDEB5B1D7FA2220045A2AA /* Build configuration list for PBXProject "Partyguard_iOS" */ = {
			isa = XCConfigurationList;
			buildConfigurations = (
				23DDEB701D7FA2220045A2AA /* Debug */,
				23DDEB711D7FA2220045A2AA /* Release */,
			);
			defaultConfigurationIsVisible = 0;
			defaultConfigurationName = Release;
		};
		23DDEB721D7FA2220045A2AA /* Build configuration list for PBXNativeTarget "Partyguard_iOS" */ = {
			isa = XCConfigurationList;
			buildConfigurations = (
				23DDEB731D7FA2220045A2AA /* Debug */,
				23DDEB741D7FA2220045A2AA /* Release */,
			);
			defaultConfigurationIsVisible = 0;
			defaultConfigurationName = Release;
		};
/* End XCConfigurationList section */
	};
	rootObject = 23DDEB581D7FA2220045A2AA /* Project object */;
}
