// !$*UTF8*$!
{
	archiveVersion = 1;
	classes = {
	};
	objectVersion = 46;
	objects = {

/* Begin PBXBuildFile section */
		231704D01D7FA6B5005BEF99 /* BasicRegisterViewController.swift in Sources */ = {isa = PBXBuildFile; fileRef = 231704CF1D7FA6B5005BEF99 /* BasicRegisterViewController.swift */; };
		231704D21D7FAB14005BEF99 /* Dummy_profile.jpg in Resources */ = {isa = PBXBuildFile; fileRef = 231704D11D7FAB14005BEF99 /* Dummy_profile.jpg */; };
		231704D41D7FB0D7005BEF99 /* HostLoginViewController.swift in Sources */ = {isa = PBXBuildFile; fileRef = 231704D31D7FB0D7005BEF99 /* HostLoginViewController.swift */; };
		2318BB601DDD4472000E8CE4 /* MyCollectionViewCell.swift in Sources */ = {isa = PBXBuildFile; fileRef = 2318BB5F1DDD4472000E8CE4 /* MyCollectionViewCell.swift */; };
		23DDEB641D7FA2220045A2AA /* AppDelegate.swift in Sources */ = {isa = PBXBuildFile; fileRef = 23DDEB631D7FA2220045A2AA /* AppDelegate.swift */; };
		23DDEB661D7FA2220045A2AA /* BasicLoginViewController.swift in Sources */ = {isa = PBXBuildFile; fileRef = 23DDEB651D7FA2220045A2AA /* BasicLoginViewController.swift */; };
		23DDEB6B1D7FA2220045A2AA /* Assets.xcassets in Resources */ = {isa = PBXBuildFile; fileRef = 23DDEB6A1D7FA2220045A2AA /* Assets.xcassets */; };
		23DDEB6E1D7FA2220045A2AA /* LaunchScreen.storyboard in Resources */ = {isa = PBXBuildFile; fileRef = 23DDEB6C1D7FA2220045A2AA /* LaunchScreen.storyboard */; };
		23ED111C1DB478750087D88E /* GuardLoginViewController.swift in Sources */ = {isa = PBXBuildFile; fileRef = 23ED111B1DB478750087D88E /* GuardLoginViewController.swift */; };
		23ED111E1DB47D5E0087D88E /* GuardTabViewController.swift in Sources */ = {isa = PBXBuildFile; fileRef = 23ED111D1DB47D5E0087D88E /* GuardTabViewController.swift */; };
		23ED11201DB47FB20087D88E /* GuardAlertTableViewController.swift in Sources */ = {isa = PBXBuildFile; fileRef = 23ED111F1DB47FB20087D88E /* GuardAlertTableViewController.swift */; };
		23ED11241DB481830087D88E /* GuardProfileViewController.swift in Sources */ = {isa = PBXBuildFile; fileRef = 23ED11231DB481830087D88E /* GuardProfileViewController.swift */; };
		23ED11261DB482770087D88E /* Personal Trainer-25.png in Resources */ = {isa = PBXBuildFile; fileRef = 23ED11251DB482770087D88E /* Personal Trainer-25.png */; };
		30616C881D9E0CA700771AEB /* ForgotPasswordViewController.swift in Sources */ = {isa = PBXBuildFile; fileRef = 30616C871D9E0CA700771AEB /* ForgotPasswordViewController.swift */; };
		3FBF06231DDAD12E00BB8BE9 /* ProfileTableViewCell.swift in Sources */ = {isa = PBXBuildFile; fileRef = 3FBF06221DDAD12E00BB8BE9 /* ProfileTableViewCell.swift */; };
		3FBF06251DDC0F4B00BB8BE9 /* AppInfoViewController.swift in Sources */ = {isa = PBXBuildFile; fileRef = 3FBF06241DDC0F4B00BB8BE9 /* AppInfoViewController.swift */; };
		3FBF06281DDC131C00BB8BE9 /* GuardHistoryTableViewController.swift in Sources */ = {isa = PBXBuildFile; fileRef = 3FBF06271DDC131C00BB8BE9 /* GuardHistoryTableViewController.swift */; };
		3FBF062B1DDC134600BB8BE9 /* SWRevealViewController.m in Sources */ = {isa = PBXBuildFile; fileRef = 3FBF062A1DDC134600BB8BE9 /* SWRevealViewController.m */; };
		3FBF062D1DDC282A00BB8BE9 /* BasicUserSettingsViewController.swift in Sources */ = {isa = PBXBuildFile; fileRef = 3FBF062C1DDC282A00BB8BE9 /* BasicUserSettingsViewController.swift */; };
		3FBF062F1DDE37B100BB8BE9 /* GuardRegisterViewController.swift in Sources */ = {isa = PBXBuildFile; fileRef = 3FBF062E1DDE37B100BB8BE9 /* GuardRegisterViewController.swift */; };
		3FBF06311DDE421000BB8BE9 /* GuardIssueClaimViewController.swift in Sources */ = {isa = PBXBuildFile; fileRef = 3FBF06301DDE421000BB8BE9 /* GuardIssueClaimViewController.swift */; };
		3FCFF6591DDE603B00C0CFD3 /* PGTeamCollectionViewController.swift in Sources */ = {isa = PBXBuildFile; fileRef = 3FCFF6581DDE603B00C0CFD3 /* PGTeamCollectionViewController.swift */; };
		3FCFF65B1DDE604D00C0CFD3 /* GuardCell.swift in Sources */ = {isa = PBXBuildFile; fileRef = 3FCFF65A1DDE604D00C0CFD3 /* GuardCell.swift */; };
		7F04B7131D89F234002581CC /* MenuViewController.swift in Sources */ = {isa = PBXBuildFile; fileRef = 7F04B7121D89F234002581CC /* MenuViewController.swift */; };
		7F04B7151D89F5DE002581CC /* ProfileImage 2.jpg in Resources */ = {isa = PBXBuildFile; fileRef = 7F04B7141D89F5DE002581CC /* ProfileImage 2.jpg */; };
		7F1D11BA1DDEA2230089BF25 /* Main.storyboard in Resources */ = {isa = PBXBuildFile; fileRef = 7F1D11B91DDEA2230089BF25 /* Main.storyboard */; };
		7F82DDC01D9B05A30095E5E1 /* AcceptAlertViewController.swift in Sources */ = {isa = PBXBuildFile; fileRef = 7F82DDBF1D9B05A30095E5E1 /* AcceptAlertViewController.swift */; };
		7F82DDC21D9B19DF0095E5E1 /* ClaimAlertViewController.swift in Sources */ = {isa = PBXBuildFile; fileRef = 7F82DDC11D9B19DF0095E5E1 /* ClaimAlertViewController.swift */; };
		7F82DDC41D9B1E290095E5E1 /* ResolutionAlertViewController.swift in Sources */ = {isa = PBXBuildFile; fileRef = 7F82DDC31D9B1E290095E5E1 /* ResolutionAlertViewController.swift */; };
		7FB2890C1D9C2A2E008CA62E /* IssueTableViewController.swift in Sources */ = {isa = PBXBuildFile; fileRef = 7FB2890B1D9C2A2E008CA62E /* IssueTableViewController.swift */; };
		AC6347721D80B4860080B62A /* InfoViewController.swift in Sources */ = {isa = PBXBuildFile; fileRef = AC6347711D80B4860080B62A /* InfoViewController.swift */; };
		AC6347781D80C1A50080B62A /* SPE.gif in Resources */ = {isa = PBXBuildFile; fileRef = AC6347771D80C1A50080B62A /* SPE.gif */; };
		AC63477A1D80C1AA0080B62A /* TKE.gif in Resources */ = {isa = PBXBuildFile; fileRef = AC6347791D80C1AA0080B62A /* TKE.gif */; };
		AC63477C1D80C1AF0080B62A /* PDT.gif in Resources */ = {isa = PBXBuildFile; fileRef = AC63477B1D80C1AF0080B62A /* PDT.gif */; };
		AC63477E1D80C1B40080B62A /* PSK.png in Resources */ = {isa = PBXBuildFile; fileRef = AC63477D1D80C1B40080B62A /* PSK.png */; };
		AC6347801D80C2B20080B62A /* PSK1.png in Resources */ = {isa = PBXBuildFile; fileRef = AC63477F1D80C2B20080B62A /* PSK1.png */; };
		AC6347BE1D80C8A60080B62A /* FraternityTableViewController.swift in Sources */ = {isa = PBXBuildFile; fileRef = AC6347BD1D80C8A60080B62A /* FraternityTableViewController.swift */; };
		AC8B0CF01DDE7C2C009775E9 /* BasicLogTableViewController.swift in Sources */ = {isa = PBXBuildFile; fileRef = AC8B0CEF1DDE7C2C009775E9 /* BasicLogTableViewController.swift */; };
		AC8B0CF21DDE815C009775E9 /* BasicUserLocationChangeViewController.swift in Sources */ = {isa = PBXBuildFile; fileRef = AC8B0CF11DDE815C009775E9 /* BasicUserLocationChangeViewController.swift */; };
		ACC34A2A1D9C697B00C60FFA /* User Female-25.png in Resources */ = {isa = PBXBuildFile; fileRef = ACC34A291D9C697B00C60FFA /* User Female-25.png */; };
		ACC34A2F1D9C698D00C60FFA /* Gender Neutral User-50.png in Resources */ = {isa = PBXBuildFile; fileRef = ACC34A2B1D9C698D00C60FFA /* Gender Neutral User-50.png */; };
		ACC34A301D9C698D00C60FFA /* User Groups-25.png in Resources */ = {isa = PBXBuildFile; fileRef = ACC34A2C1D9C698D00C60FFA /* User Groups-25.png */; };
		ACC34A311D9C698D00C60FFA /* Error-25.png in Resources */ = {isa = PBXBuildFile; fileRef = ACC34A2D1D9C698D00C60FFA /* Error-25.png */; };
		ACC34A321D9C698D00C60FFA /* Alarm Clock-25.png in Resources */ = {isa = PBXBuildFile; fileRef = ACC34A2E1D9C698D00C60FFA /* Alarm Clock-25.png */; };
		ACC34A381D9C69A400C60FFA /* AlertTableViewController.swift in Sources */ = {isa = PBXBuildFile; fileRef = ACC34A331D9C69A400C60FFA /* AlertTableViewController.swift */; };
		ACC34A3A1D9C69A400C60FFA /* HistoryTableTableViewController.swift in Sources */ = {isa = PBXBuildFile; fileRef = ACC34A351D9C69A400C60FFA /* HistoryTableTableViewController.swift */; };
		ACC34A3B1D9C69A400C60FFA /* PGTeamViewController.swift in Sources */ = {isa = PBXBuildFile; fileRef = ACC34A361D9C69A400C60FFA /* PGTeamViewController.swift */; };
		ACC34A3C1D9C69A400C60FFA /* HostTabViewController.swift in Sources */ = {isa = PBXBuildFile; fileRef = ACC34A371D9C69A400C60FFA /* HostTabViewController.swift */; };
		ACFFE5E71D89EE8C005EFB35 /* Menu Filled-50.png in Resources */ = {isa = PBXBuildFile; fileRef = ACFFE5E61D89EE8C005EFB35 /* Menu Filled-50.png */; };
		AF13E90D1D94C14000D4A757 /* IncidentLocationTableViewController.swift in Sources */ = {isa = PBXBuildFile; fileRef = AF13E90C1D94C14000D4A757 /* IncidentLocationTableViewController.swift */; };
		AF13E9131D94C75100D4A757 /* DC.png in Resources */ = {isa = PBXBuildFile; fileRef = AF13E9121D94C75100D4A757 /* DC.png */; };
		AF13E9151D94C75700D4A757 /* AKL.png in Resources */ = {isa = PBXBuildFile; fileRef = AF13E9141D94C75700D4A757 /* AKL.png */; };
		AF4F50041DBA91A3004A8AD4 /* BasicUserProfileViewController.swift in Sources */ = {isa = PBXBuildFile; fileRef = AF4F50031DBA91A3004A8AD4 /* BasicUserProfileViewController.swift */; };
/* End PBXBuildFile section */

/* Begin PBXFileReference section */
		231704CF1D7FA6B5005BEF99 /* BasicRegisterViewController.swift */ = {isa = PBXFileReference; fileEncoding = 4; lastKnownFileType = sourcecode.swift; path = BasicRegisterViewController.swift; sourceTree = "<group>"; };
		231704D11D7FAB14005BEF99 /* Dummy_profile.jpg */ = {isa = PBXFileReference; lastKnownFileType = image.jpeg; path = Dummy_profile.jpg; sourceTree = "<group>"; };
		231704D31D7FB0D7005BEF99 /* HostLoginViewController.swift */ = {isa = PBXFileReference; fileEncoding = 4; lastKnownFileType = sourcecode.swift; path = HostLoginViewController.swift; sourceTree = "<group>"; };
		2318BB5F1DDD4472000E8CE4 /* MyCollectionViewCell.swift */ = {isa = PBXFileReference; fileEncoding = 4; lastKnownFileType = sourcecode.swift; path = MyCollectionViewCell.swift; sourceTree = "<group>"; };
		23DDEB601D7FA2220045A2AA /* Partyguard_iOS.app */ = {isa = PBXFileReference; explicitFileType = wrapper.application; includeInIndex = 0; path = Partyguard_iOS.app; sourceTree = BUILT_PRODUCTS_DIR; };
		23DDEB631D7FA2220045A2AA /* AppDelegate.swift */ = {isa = PBXFileReference; lastKnownFileType = sourcecode.swift; path = AppDelegate.swift; sourceTree = "<group>"; };
		23DDEB651D7FA2220045A2AA /* BasicLoginViewController.swift */ = {isa = PBXFileReference; lastKnownFileType = sourcecode.swift; path = BasicLoginViewController.swift; sourceTree = "<group>"; };
		23DDEB6A1D7FA2220045A2AA /* Assets.xcassets */ = {isa = PBXFileReference; lastKnownFileType = folder.assetcatalog; path = Assets.xcassets; sourceTree = "<group>"; };
		23DDEB6D1D7FA2220045A2AA /* Base */ = {isa = PBXFileReference; lastKnownFileType = file.storyboard; name = Base; path = Base.lproj/LaunchScreen.storyboard; sourceTree = "<group>"; };
		23DDEB6F1D7FA2220045A2AA /* Info.plist */ = {isa = PBXFileReference; lastKnownFileType = text.plist.xml; path = Info.plist; sourceTree = "<group>"; };
		23ED111B1DB478750087D88E /* GuardLoginViewController.swift */ = {isa = PBXFileReference; fileEncoding = 4; lastKnownFileType = sourcecode.swift; path = GuardLoginViewController.swift; sourceTree = "<group>"; };
		23ED111D1DB47D5E0087D88E /* GuardTabViewController.swift */ = {isa = PBXFileReference; fileEncoding = 4; lastKnownFileType = sourcecode.swift; path = GuardTabViewController.swift; sourceTree = "<group>"; };
		23ED111F1DB47FB20087D88E /* GuardAlertTableViewController.swift */ = {isa = PBXFileReference; fileEncoding = 4; lastKnownFileType = sourcecode.swift; path = GuardAlertTableViewController.swift; sourceTree = "<group>"; };
		23ED11231DB481830087D88E /* GuardProfileViewController.swift */ = {isa = PBXFileReference; fileEncoding = 4; lastKnownFileType = sourcecode.swift; path = GuardProfileViewController.swift; sourceTree = "<group>"; };
		23ED11251DB482770087D88E /* Personal Trainer-25.png */ = {isa = PBXFileReference; lastKnownFileType = image.png; path = "Personal Trainer-25.png"; sourceTree = "<group>"; };
		30616C871D9E0CA700771AEB /* ForgotPasswordViewController.swift */ = {isa = PBXFileReference; fileEncoding = 4; lastKnownFileType = sourcecode.swift; path = ForgotPasswordViewController.swift; sourceTree = "<group>"; };
		3FBF06221DDAD12E00BB8BE9 /* ProfileTableViewCell.swift */ = {isa = PBXFileReference; fileEncoding = 4; lastKnownFileType = sourcecode.swift; path = ProfileTableViewCell.swift; sourceTree = "<group>"; };
		3FBF06241DDC0F4B00BB8BE9 /* AppInfoViewController.swift */ = {isa = PBXFileReference; fileEncoding = 4; lastKnownFileType = sourcecode.swift; path = AppInfoViewController.swift; sourceTree = "<group>"; };
		3FBF06261DDC131100BB8BE9 /* Partyguard_iOS-Bridging-Header.h */ = {isa = PBXFileReference; lastKnownFileType = sourcecode.c.h; path = "Partyguard_iOS-Bridging-Header.h"; sourceTree = "<group>"; };
		3FBF06271DDC131C00BB8BE9 /* GuardHistoryTableViewController.swift */ = {isa = PBXFileReference; fileEncoding = 4; lastKnownFileType = sourcecode.swift; path = GuardHistoryTableViewController.swift; sourceTree = "<group>"; };
		3FBF06291DDC133500BB8BE9 /* SWRevealViewController.h */ = {isa = PBXFileReference; lastKnownFileType = sourcecode.c.h; path = SWRevealViewController.h; sourceTree = "<group>"; };
		3FBF062A1DDC134600BB8BE9 /* SWRevealViewController.m */ = {isa = PBXFileReference; fileEncoding = 4; lastKnownFileType = sourcecode.c.objc; path = SWRevealViewController.m; sourceTree = "<group>"; };
		3FBF062C1DDC282A00BB8BE9 /* BasicUserSettingsViewController.swift */ = {isa = PBXFileReference; fileEncoding = 4; lastKnownFileType = sourcecode.swift; path = BasicUserSettingsViewController.swift; sourceTree = "<group>"; };
		3FBF062E1DDE37B100BB8BE9 /* GuardRegisterViewController.swift */ = {isa = PBXFileReference; fileEncoding = 4; lastKnownFileType = sourcecode.swift; path = GuardRegisterViewController.swift; sourceTree = "<group>"; };
		3FBF06301DDE421000BB8BE9 /* GuardIssueClaimViewController.swift */ = {isa = PBXFileReference; fileEncoding = 4; lastKnownFileType = sourcecode.swift; path = GuardIssueClaimViewController.swift; sourceTree = "<group>"; };
		3FCFF6581DDE603B00C0CFD3 /* PGTeamCollectionViewController.swift */ = {isa = PBXFileReference; fileEncoding = 4; lastKnownFileType = sourcecode.swift; path = PGTeamCollectionViewController.swift; sourceTree = "<group>"; };
		3FCFF65A1DDE604D00C0CFD3 /* GuardCell.swift */ = {isa = PBXFileReference; fileEncoding = 4; lastKnownFileType = sourcecode.swift; path = GuardCell.swift; sourceTree = "<group>"; };
		7F04B7121D89F234002581CC /* MenuViewController.swift */ = {isa = PBXFileReference; fileEncoding = 4; lastKnownFileType = sourcecode.swift; path = MenuViewController.swift; sourceTree = "<group>"; };
		7F04B7141D89F5DE002581CC /* ProfileImage 2.jpg */ = {isa = PBXFileReference; lastKnownFileType = image.jpeg; path = "ProfileImage 2.jpg"; sourceTree = "<group>"; };
		7F1D11B91DDEA2230089BF25 /* Main.storyboard */ = {isa = PBXFileReference; fileEncoding = 4; lastKnownFileType = file.storyboard; path = Main.storyboard; sourceTree = "<group>"; };
		7F82DDBF1D9B05A30095E5E1 /* AcceptAlertViewController.swift */ = {isa = PBXFileReference; fileEncoding = 4; lastKnownFileType = sourcecode.swift; path = AcceptAlertViewController.swift; sourceTree = "<group>"; };
		7F82DDC11D9B19DF0095E5E1 /* ClaimAlertViewController.swift */ = {isa = PBXFileReference; fileEncoding = 4; lastKnownFileType = sourcecode.swift; path = ClaimAlertViewController.swift; sourceTree = "<group>"; };
		7F82DDC31D9B1E290095E5E1 /* ResolutionAlertViewController.swift */ = {isa = PBXFileReference; fileEncoding = 4; lastKnownFileType = sourcecode.swift; path = ResolutionAlertViewController.swift; sourceTree = "<group>"; };
		7FB2890B1D9C2A2E008CA62E /* IssueTableViewController.swift */ = {isa = PBXFileReference; fileEncoding = 4; lastKnownFileType = sourcecode.swift; path = IssueTableViewController.swift; sourceTree = "<group>"; };
		AC6347711D80B4860080B62A /* InfoViewController.swift */ = {isa = PBXFileReference; fileEncoding = 4; lastKnownFileType = sourcecode.swift; name = InfoViewController.swift; path = ../InfoViewController.swift; sourceTree = "<group>"; };
		AC6347771D80C1A50080B62A /* SPE.gif */ = {isa = PBXFileReference; lastKnownFileType = image.gif; path = SPE.gif; sourceTree = "<group>"; };
		AC6347791D80C1AA0080B62A /* TKE.gif */ = {isa = PBXFileReference; lastKnownFileType = image.gif; path = TKE.gif; sourceTree = "<group>"; };
		AC63477B1D80C1AF0080B62A /* PDT.gif */ = {isa = PBXFileReference; lastKnownFileType = image.gif; path = PDT.gif; sourceTree = "<group>"; };
		AC63477D1D80C1B40080B62A /* PSK.png */ = {isa = PBXFileReference; lastKnownFileType = image.png; path = PSK.png; sourceTree = "<group>"; };
		AC63477F1D80C2B20080B62A /* PSK1.png */ = {isa = PBXFileReference; lastKnownFileType = image.png; path = PSK1.png; sourceTree = "<group>"; };
		AC6347BD1D80C8A60080B62A /* FraternityTableViewController.swift */ = {isa = PBXFileReference; fileEncoding = 4; lastKnownFileType = sourcecode.swift; path = FraternityTableViewController.swift; sourceTree = "<group>"; };
		AC8B0CEF1DDE7C2C009775E9 /* BasicLogTableViewController.swift */ = {isa = PBXFileReference; fileEncoding = 4; lastKnownFileType = sourcecode.swift; path = BasicLogTableViewController.swift; sourceTree = "<group>"; };
		AC8B0CF11DDE815C009775E9 /* BasicUserLocationChangeViewController.swift */ = {isa = PBXFileReference; fileEncoding = 4; lastKnownFileType = sourcecode.swift; path = BasicUserLocationChangeViewController.swift; sourceTree = "<group>"; };
		ACC34A291D9C697B00C60FFA /* User Female-25.png */ = {isa = PBXFileReference; lastKnownFileType = image.png; path = "User Female-25.png"; sourceTree = "<group>"; };
		ACC34A2B1D9C698D00C60FFA /* Gender Neutral User-50.png */ = {isa = PBXFileReference; lastKnownFileType = image.png; path = "Gender Neutral User-50.png"; sourceTree = "<group>"; };
		ACC34A2C1D9C698D00C60FFA /* User Groups-25.png */ = {isa = PBXFileReference; lastKnownFileType = image.png; path = "User Groups-25.png"; sourceTree = "<group>"; };
		ACC34A2D1D9C698D00C60FFA /* Error-25.png */ = {isa = PBXFileReference; lastKnownFileType = image.png; path = "Error-25.png"; sourceTree = "<group>"; };
		ACC34A2E1D9C698D00C60FFA /* Alarm Clock-25.png */ = {isa = PBXFileReference; lastKnownFileType = image.png; path = "Alarm Clock-25.png"; sourceTree = "<group>"; };
		ACC34A331D9C69A400C60FFA /* AlertTableViewController.swift */ = {isa = PBXFileReference; fileEncoding = 4; lastKnownFileType = sourcecode.swift; path = AlertTableViewController.swift; sourceTree = "<group>"; };
		ACC34A351D9C69A400C60FFA /* HistoryTableTableViewController.swift */ = {isa = PBXFileReference; fileEncoding = 4; lastKnownFileType = sourcecode.swift; path = HistoryTableTableViewController.swift; sourceTree = "<group>"; };
		ACC34A361D9C69A400C60FFA /* PGTeamViewController.swift */ = {isa = PBXFileReference; fileEncoding = 4; lastKnownFileType = sourcecode.swift; path = PGTeamViewController.swift; sourceTree = "<group>"; };
		ACC34A371D9C69A400C60FFA /* HostTabViewController.swift */ = {isa = PBXFileReference; fileEncoding = 4; lastKnownFileType = sourcecode.swift; path = HostTabViewController.swift; sourceTree = "<group>"; };
		ACFFE5E61D89EE8C005EFB35 /* Menu Filled-50.png */ = {isa = PBXFileReference; lastKnownFileType = image.png; path = "Menu Filled-50.png"; sourceTree = "<group>"; };
		AF13E90C1D94C14000D4A757 /* IncidentLocationTableViewController.swift */ = {isa = PBXFileReference; fileEncoding = 4; lastKnownFileType = sourcecode.swift; path = IncidentLocationTableViewController.swift; sourceTree = "<group>"; };
		AF13E9121D94C75100D4A757 /* DC.png */ = {isa = PBXFileReference; lastKnownFileType = image.png; path = DC.png; sourceTree = "<group>"; };
		AF13E9141D94C75700D4A757 /* AKL.png */ = {isa = PBXFileReference; lastKnownFileType = image.png; path = AKL.png; sourceTree = "<group>"; };
		AF4F50031DBA91A3004A8AD4 /* BasicUserProfileViewController.swift */ = {isa = PBXFileReference; fileEncoding = 4; lastKnownFileType = sourcecode.swift; path = BasicUserProfileViewController.swift; sourceTree = "<group>"; };
/* End PBXFileReference section */

/* Begin PBXFrameworksBuildPhase section */
		23DDEB5D1D7FA2220045A2AA /* Frameworks */ = {
			isa = PBXFrameworksBuildPhase;
			buildActionMask = 2147483647;
			files = (
			);
			runOnlyForDeploymentPostprocessing = 0;
		};
/* End PBXFrameworksBuildPhase section */

/* Begin PBXGroup section */
		23DDEB571D7FA2220045A2AA = {
			isa = PBXGroup;
			children = (
				AC8B0CEF1DDE7C2C009775E9 /* BasicLogTableViewController.swift */,
				3FBF062C1DDC282A00BB8BE9 /* BasicUserSettingsViewController.swift */,
				23DDEB621D7FA2220045A2AA /* Partyguard_iOS */,
				23DDEB611D7FA2220045A2AA /* Products */,
			);
			sourceTree = "<group>";
		};
		23DDEB611D7FA2220045A2AA /* Products */ = {
			isa = PBXGroup;
			children = (
				23DDEB601D7FA2220045A2AA /* Partyguard_iOS.app */,
			);
			name = Products;
			sourceTree = "<group>";
		};
		23DDEB621D7FA2220045A2AA /* Partyguard_iOS */ = {
			isa = PBXGroup;
			children = (
				3FBF06261DDC131100BB8BE9 /* Partyguard_iOS-Bridging-Header.h */,
				23DDEB631D7FA2220045A2AA /* AppDelegate.swift */,
				3FCFF6581DDE603B00C0CFD3 /* PGTeamCollectionViewController.swift */,
				ACC34A331D9C69A400C60FFA /* AlertTableViewController.swift */,
				7F1D11B91DDEA2230089BF25 /* Main.storyboard */,
				3FBF06271DDC131C00BB8BE9 /* GuardHistoryTableViewController.swift */,
				3FBF062A1DDC134600BB8BE9 /* SWRevealViewController.m */,
				ACC34A351D9C69A400C60FFA /* HistoryTableTableViewController.swift */,
				3FBF06291DDC133500BB8BE9 /* SWRevealViewController.h */,
				ACC34A361D9C69A400C60FFA /* PGTeamViewController.swift */,
				ACC34A371D9C69A400C60FFA /* HostTabViewController.swift */,
				23DDEB651D7FA2220045A2AA /* BasicLoginViewController.swift */,
				AC8B0CF11DDE815C009775E9 /* BasicUserLocationChangeViewController.swift */,
				2318BB5F1DDD4472000E8CE4 /* MyCollectionViewCell.swift */,
				23ED11231DB481830087D88E /* GuardProfileViewController.swift */,
				23ED111F1DB47FB20087D88E /* GuardAlertTableViewController.swift */,
				23ED111D1DB47D5E0087D88E /* GuardTabViewController.swift */,
				30616C871D9E0CA700771AEB /* ForgotPasswordViewController.swift */,
				AF13E90C1D94C14000D4A757 /* IncidentLocationTableViewController.swift */,
				AC6347BD1D80C8A60080B62A /* FraternityTableViewController.swift */,
				3FCFF65A1DDE604D00C0CFD3 /* GuardCell.swift */,
				AC6347711D80B4860080B62A /* InfoViewController.swift */,
				231704D31D7FB0D7005BEF99 /* HostLoginViewController.swift */,
				23ED111B1DB478750087D88E /* GuardLoginViewController.swift */,
				231704CF1D7FA6B5005BEF99 /* BasicRegisterViewController.swift */,
				7F04B7121D89F234002581CC /* MenuViewController.swift */,
				7F04B7141D89F5DE002581CC /* ProfileImage 2.jpg */,
				AF4F50031DBA91A3004A8AD4 /* BasicUserProfileViewController.swift */,
				23DDEB6A1D7FA2220045A2AA /* Assets.xcassets */,
				ACFFE5E61D89EE8C005EFB35 /* Menu Filled-50.png */,
				23ED11251DB482770087D88E /* Personal Trainer-25.png */,
				ACC34A291D9C697B00C60FFA /* User Female-25.png */,
				AC6347771D80C1A50080B62A /* SPE.gif */,
				ACC34A2B1D9C698D00C60FFA /* Gender Neutral User-50.png */,
				ACC34A2C1D9C698D00C60FFA /* User Groups-25.png */,
				ACC34A2D1D9C698D00C60FFA /* Error-25.png */,
				ACC34A2E1D9C698D00C60FFA /* Alarm Clock-25.png */,
				AC6347791D80C1AA0080B62A /* TKE.gif */,
				AF13E9141D94C75700D4A757 /* AKL.png */,
				AF13E9121D94C75100D4A757 /* DC.png */,
				AC63477B1D80C1AF0080B62A /* PDT.gif */,
				AC63477D1D80C1B40080B62A /* PSK.png */,
				AC63477F1D80C2B20080B62A /* PSK1.png */,
				231704D11D7FAB14005BEF99 /* Dummy_profile.jpg */,
				23DDEB6C1D7FA2220045A2AA /* LaunchScreen.storyboard */,
				7F82DDBF1D9B05A30095E5E1 /* AcceptAlertViewController.swift */,
				23DDEB6F1D7FA2220045A2AA /* Info.plist */,
				7F82DDC11D9B19DF0095E5E1 /* ClaimAlertViewController.swift */,
				7F82DDC31D9B1E290095E5E1 /* ResolutionAlertViewController.swift */,
				7FB2890B1D9C2A2E008CA62E /* IssueTableViewController.swift */,
				3FBF06221DDAD12E00BB8BE9 /* ProfileTableViewCell.swift */,
				3FBF06241DDC0F4B00BB8BE9 /* AppInfoViewController.swift */,
				3FBF062E1DDE37B100BB8BE9 /* GuardRegisterViewController.swift */,
				3FBF06301DDE421000BB8BE9 /* GuardIssueClaimViewController.swift */,
			);
			path = Partyguard_iOS;
			sourceTree = "<group>";
		};
/* End PBXGroup section */

/* Begin PBXNativeTarget section */
		23DDEB5F1D7FA2220045A2AA /* Partyguard_iOS */ = {
			isa = PBXNativeTarget;
			buildConfigurationList = 23DDEB721D7FA2220045A2AA /* Build configuration list for PBXNativeTarget "Partyguard_iOS" */;
			buildPhases = (
				23DDEB5C1D7FA2220045A2AA /* Sources */,
				23DDEB5D1D7FA2220045A2AA /* Frameworks */,
				23DDEB5E1D7FA2220045A2AA /* Resources */,
			);
			buildRules = (
			);
			dependencies = (
			);
			name = Partyguard_iOS;
			productName = Partyguard_iOS;
			productReference = 23DDEB601D7FA2220045A2AA /* Partyguard_iOS.app */;
			productType = "com.apple.product-type.application";
		};
/* End PBXNativeTarget section */

/* Begin PBXProject section */
		23DDEB581D7FA2220045A2AA /* Project object */ = {
			isa = PBXProject;
			attributes = {
				LastSwiftUpdateCheck = 0730;
				LastUpgradeCheck = 0730;
				ORGANIZATIONNAME = BashGuardians;
				TargetAttributes = {
					23DDEB5F1D7FA2220045A2AA = {
						CreatedOnToolsVersion = 7.3.1;
					};
				};
			};
			buildConfigurationList = 23DDEB5B1D7FA2220045A2AA /* Build configuration list for PBXProject "Partyguard_iOS" */;
			compatibilityVersion = "Xcode 3.2";
			developmentRegion = English;
			hasScannedForEncodings = 0;
			knownRegions = (
				en,
				Base,
			);
			mainGroup = 23DDEB571D7FA2220045A2AA;
			productRefGroup = 23DDEB611D7FA2220045A2AA /* Products */;
			projectDirPath = "";
			projectRoot = "";
			targets = (
				23DDEB5F1D7FA2220045A2AA /* Partyguard_iOS */,
			);
		};
/* End PBXProject section */

/* Begin PBXResourcesBuildPhase section */
		23DDEB5E1D7FA2220045A2AA /* Resources */ = {
			isa = PBXResourcesBuildPhase;
			buildActionMask = 2147483647;
			files = (
				AC6347801D80C2B20080B62A /* PSK1.png in Resources */,
				AC63477E1D80C1B40080B62A /* PSK.png in Resources */,
				231704D21D7FAB14005BEF99 /* Dummy_profile.jpg in Resources */,
				23DDEB6E1D7FA2220045A2AA /* LaunchScreen.storyboard in Resources */,
				ACC34A321D9C698D00C60FFA /* Alarm Clock-25.png in Resources */,
				AC63477C1D80C1AF0080B62A /* PDT.gif in Resources */,
				7F04B7151D89F5DE002581CC /* ProfileImage 2.jpg in Resources */,
				AC6347781D80C1A50080B62A /* SPE.gif in Resources */,
				AC63477A1D80C1AA0080B62A /* TKE.gif in Resources */,
				ACC34A301D9C698D00C60FFA /* User Groups-25.png in Resources */,
				23ED11261DB482770087D88E /* Personal Trainer-25.png in Resources */,
				AF13E9151D94C75700D4A757 /* AKL.png in Resources */,
				AF13E9131D94C75100D4A757 /* DC.png in Resources */,
				23DDEB6B1D7FA2220045A2AA /* Assets.xcassets in Resources */,
				ACC34A2F1D9C698D00C60FFA /* Gender Neutral User-50.png in Resources */,
				ACC34A311D9C698D00C60FFA /* Error-25.png in Resources */,
				ACFFE5E71D89EE8C005EFB35 /* Menu Filled-50.png in Resources */,
				7F1D11BA1DDEA2230089BF25 /* Main.storyboard in Resources */,
				ACC34A2A1D9C697B00C60FFA /* User Female-25.png in Resources */,
			);
			runOnlyForDeploymentPostprocessing = 0;
		};
/* End PBXResourcesBuildPhase section */

/* Begin PBXSourcesBuildPhase section */
		23DDEB5C1D7FA2220045A2AA /* Sources */ = {
			isa = PBXSourcesBuildPhase;
			buildActionMask = 2147483647;
			files = (
				231704D41D7FB0D7005BEF99 /* HostLoginViewController.swift in Sources */,
				23DDEB661D7FA2220045A2AA /* BasicLoginViewController.swift in Sources */,
				23ED11241DB481830087D88E /* GuardProfileViewController.swift in Sources */,
				23DDEB641D7FA2220045A2AA /* AppDelegate.swift in Sources */,
				23ED111C1DB478750087D88E /* GuardLoginViewController.swift in Sources */,
				3FBF06311DDE421000BB8BE9 /* GuardIssueClaimViewController.swift in Sources */,
				3FBF062B1DDC134600BB8BE9 /* SWRevealViewController.m in Sources */,
				7F82DDC01D9B05A30095E5E1 /* AcceptAlertViewController.swift in Sources */,
				23ED11201DB47FB20087D88E /* GuardAlertTableViewController.swift in Sources */,
				3FBF06231DDAD12E00BB8BE9 /* ProfileTableViewCell.swift in Sources */,
				23ED111E1DB47D5E0087D88E /* GuardTabViewController.swift in Sources */,
				AF13E90D1D94C14000D4A757 /* IncidentLocationTableViewController.swift in Sources */,
				30616C881D9E0CA700771AEB /* ForgotPasswordViewController.swift in Sources */,
				231704D01D7FA6B5005BEF99 /* BasicRegisterViewController.swift in Sources */,
				3FCFF6591DDE603B00C0CFD3 /* PGTeamCollectionViewController.swift in Sources */,
				3FBF062F1DDE37B100BB8BE9 /* GuardRegisterViewController.swift in Sources */,
				ACC34A381D9C69A400C60FFA /* AlertTableViewController.swift in Sources */,
				7F82DDC21D9B19DF0095E5E1 /* ClaimAlertViewController.swift in Sources */,
				3FBF062D1DDC282A00BB8BE9 /* BasicUserSettingsViewController.swift in Sources */,
				3FBF06251DDC0F4B00BB8BE9 /* AppInfoViewController.swift in Sources */,
				AF4F50041DBA91A3004A8AD4 /* BasicUserProfileViewController.swift in Sources */,
				ACC34A3A1D9C69A400C60FFA /* HistoryTableTableViewController.swift in Sources */,
				AC8B0CF01DDE7C2C009775E9 /* BasicLogTableViewController.swift in Sources */,
				ACC34A3C1D9C69A400C60FFA /* HostTabViewController.swift in Sources */,
				AC6347BE1D80C8A60080B62A /* FraternityTableViewController.swift in Sources */,
				AC8B0CF21DDE815C009775E9 /* BasicUserLocationChangeViewController.swift in Sources */,
				ACC34A3B1D9C69A400C60FFA /* PGTeamViewController.swift in Sources */,
				2318BB601DDD4472000E8CE4 /* MyCollectionViewCell.swift in Sources */,
				7FB2890C1D9C2A2E008CA62E /* IssueTableViewController.swift in Sources */,
				7F82DDC41D9B1E290095E5E1 /* ResolutionAlertViewController.swift in Sources */,
				AC6347721D80B4860080B62A /* InfoViewController.swift in Sources */,
				3FCFF65B1DDE604D00C0CFD3 /* GuardCell.swift in Sources */,
				3FBF06281DDC131C00BB8BE9 /* GuardHistoryTableViewController.swift in Sources */,
				7F04B7131D89F234002581CC /* MenuViewController.swift in Sources */,
			);
			runOnlyForDeploymentPostprocessing = 0;
		};
/* End PBXSourcesBuildPhase section */

/* Begin PBXVariantGroup section */
		23DDEB6C1D7FA2220045A2AA /* LaunchScreen.storyboard */ = {
			isa = PBXVariantGroup;
			children = (
				23DDEB6D1D7FA2220045A2AA /* Base */,
			);
			name = LaunchScreen.storyboard;
			sourceTree = "<group>";
		};
/* End PBXVariantGroup section */

/* Begin XCBuildConfiguration section */
		23DDEB701D7FA2220045A2AA /* Debug */ = {
			isa = XCBuildConfiguration;
			buildSettings = {
				ALWAYS_SEARCH_USER_PATHS = NO;
				CLANG_ANALYZER_NONNULL = YES;
				CLANG_CXX_LANGUAGE_STANDARD = "gnu++0x";
				CLANG_CXX_LIBRARY = "libc++";
				CLANG_ENABLE_MODULES = YES;
				CLANG_ENABLE_OBJC_ARC = YES;
				CLANG_WARN_BOOL_CONVERSION = YES;
				CLANG_WARN_CONSTANT_CONVERSION = YES;
				CLANG_WARN_DIRECT_OBJC_ISA_USAGE = YES_ERROR;
				CLANG_WARN_EMPTY_BODY = YES;
				CLANG_WARN_ENUM_CONVERSION = YES;
				CLANG_WARN_INT_CONVERSION = YES;
				CLANG_WARN_OBJC_ROOT_CLASS = YES_ERROR;
				CLANG_WARN_UNREACHABLE_CODE = YES;
				CLANG_WARN__DUPLICATE_METHOD_MATCH = YES;
				"CODE_SIGN_IDENTITY[sdk=iphoneos*]" = "iPhone Developer";
				COPY_PHASE_STRIP = NO;
				DEBUG_INFORMATION_FORMAT = dwarf;
				ENABLE_STRICT_OBJC_MSGSEND = YES;
				ENABLE_TESTABILITY = YES;
				GCC_C_LANGUAGE_STANDARD = gnu99;
				GCC_DYNAMIC_NO_PIC = NO;
				GCC_NO_COMMON_BLOCKS = YES;
				GCC_OPTIMIZATION_LEVEL = 0;
				GCC_PREPROCESSOR_DEFINITIONS = (
					"DEBUG=1",
					"$(inherited)",
				);
				GCC_WARN_64_TO_32_BIT_CONVERSION = YES;
				GCC_WARN_ABOUT_RETURN_TYPE = YES_ERROR;
				GCC_WARN_UNDECLARED_SELECTOR = YES;
				GCC_WARN_UNINITIALIZED_AUTOS = YES_AGGRESSIVE;
				GCC_WARN_UNUSED_FUNCTION = YES;
				GCC_WARN_UNUSED_VARIABLE = YES;
				IPHONEOS_DEPLOYMENT_TARGET = 9.3;
				MTL_ENABLE_DEBUG_INFO = YES;
				ONLY_ACTIVE_ARCH = YES;
				SDKROOT = iphoneos;
				SWIFT_OPTIMIZATION_LEVEL = "-Onone";
			};
			name = Debug;
		};
		23DDEB711D7FA2220045A2AA /* Release */ = {
			isa = XCBuildConfiguration;
			buildSettings = {
				ALWAYS_SEARCH_USER_PATHS = NO;
				CLANG_ANALYZER_NONNULL = YES;
				CLANG_CXX_LANGUAGE_STANDARD = "gnu++0x";
				CLANG_CXX_LIBRARY = "libc++";
				CLANG_ENABLE_MODULES = YES;
				CLANG_ENABLE_OBJC_ARC = YES;
				CLANG_WARN_BOOL_CONVERSION = YES;
				CLANG_WARN_CONSTANT_CONVERSION = YES;
				CLANG_WARN_DIRECT_OBJC_ISA_USAGE = YES_ERROR;
				CLANG_WARN_EMPTY_BODY = YES;
				CLANG_WARN_ENUM_CONVERSION = YES;
				CLANG_WARN_INT_CONVERSION = YES;
				CLANG_WARN_OBJC_ROOT_CLASS = YES_ERROR;
				CLANG_WARN_UNREACHABLE_CODE = YES;
				CLANG_WARN__DUPLICATE_METHOD_MATCH = YES;
				"CODE_SIGN_IDENTITY[sdk=iphoneos*]" = "iPhone Developer";
				COPY_PHASE_STRIP = NO;
				DEBUG_INFORMATION_FORMAT = "dwarf-with-dsym";
				ENABLE_NS_ASSERTIONS = NO;
				ENABLE_STRICT_OBJC_MSGSEND = YES;
				GCC_C_LANGUAGE_STANDARD = gnu99;
				GCC_NO_COMMON_BLOCKS = YES;
				GCC_WARN_64_TO_32_BIT_CONVERSION = YES;
				GCC_WARN_ABOUT_RETURN_TYPE = YES_ERROR;
				GCC_WARN_UNDECLARED_SELECTOR = YES;
				GCC_WARN_UNINITIALIZED_AUTOS = YES_AGGRESSIVE;
				GCC_WARN_UNUSED_FUNCTION = YES;
				GCC_WARN_UNUSED_VARIABLE = YES;
				IPHONEOS_DEPLOYMENT_TARGET = 9.3;
				MTL_ENABLE_DEBUG_INFO = NO;
				SDKROOT = iphoneos;
				VALIDATE_PRODUCT = YES;
			};
			name = Release;
		};
		23DDEB731D7FA2220045A2AA /* Debug */ = {
			isa = XCBuildConfiguration;
			buildSettings = {
				ASSETCATALOG_COMPILER_APPICON_NAME = AppIcon;
				CLANG_ENABLE_MODULES = YES;
				INFOPLIST_FILE = Partyguard_iOS/Info.plist;
				LD_RUNPATH_SEARCH_PATHS = "$(inherited) @executable_path/Frameworks";
				PRODUCT_BUNDLE_IDENTIFIER = "bashguardians.Partyguard-iOS";
				PRODUCT_NAME = "$(TARGET_NAME)";
				SWIFT_OBJC_BRIDGING_HEADER = "Partyguard_iOS/Partyguard_iOS-Bridging-Header.h";
				SWIFT_OPTIMIZATION_LEVEL = "-Onone";
			};
			name = Debug;
		};
		23DDEB741D7FA2220045A2AA /* Release */ = {
			isa = XCBuildConfiguration;
			buildSettings = {
				ASSETCATALOG_COMPILER_APPICON_NAME = AppIcon;
				CLANG_ENABLE_MODULES = YES;
				INFOPLIST_FILE = Partyguard_iOS/Info.plist;
				LD_RUNPATH_SEARCH_PATHS = "$(inherited) @executable_path/Frameworks";
				PRODUCT_BUNDLE_IDENTIFIER = "bashguardians.Partyguard-iOS";
				PRODUCT_NAME = "$(TARGET_NAME)";
				SWIFT_OBJC_BRIDGING_HEADER = "Partyguard_iOS/Partyguard_iOS-Bridging-Header.h";
			};
			name = Release;
		};
/* End XCBuildConfiguration section */

/* Begin XCConfigurationList section */
		23DDEB5B1D7FA2220045A2AA /* Build configuration list for PBXProject "Partyguard_iOS" */ = {
			isa = XCConfigurationList;
			buildConfigurations = (
				23DDEB701D7FA2220045A2AA /* Debug */,
				23DDEB711D7FA2220045A2AA /* Release */,
			);
			defaultConfigurationIsVisible = 0;
			defaultConfigurationName = Release;
		};
		23DDEB721D7FA2220045A2AA /* Build configuration list for PBXNativeTarget "Partyguard_iOS" */ = {
			isa = XCConfigurationList;
			buildConfigurations = (
				23DDEB731D7FA2220045A2AA /* Debug */,
				23DDEB741D7FA2220045A2AA /* Release */,
			);
			defaultConfigurationIsVisible = 0;
			defaultConfigurationName = Release;
		};
/* End XCConfigurationList section */
	};
	rootObject = 23DDEB581D7FA2220045A2AA /* Project object */;
}
